
Microsoft Visual Studio Solution File, Format Version 12.00
# Visual Studio 2013
VisualStudioVersion = 12.0.21005.1
MinimumVisualStudioVersion = 10.0.40219.1
Project("{FAE04EC0-301F-11D3-BF4B-00C04F79EFBC}") = "StupideVautour", "StupideVautour\StupideVautour.csproj", "{ED2FBC89-85D0-4765-820C-AD23C7E6E77A}"
EndProject
Project("{FAE04EC0-301F-11D3-BF4B-00C04F79EFBC}") = "NuclearSample.XNA", "..\..\..\Documents\sparklinlabs-nuclearwinter-032831044909\sparklinlabs-nuclearwinter-032831044909\NuclearSample\NuclearSample\NuclearSample.XNA.csproj", "{9027822D-280E-4306-BAF1-F5B2C03D951C}"
EndProject
Project("{FAE04EC0-301F-11D3-BF4B-00C04F79EFBC}") = "NuclearSampleContent", "..\..\..\Documents\sparklinlabs-nuclearwinter-032831044909\sparklinlabs-nuclearwinter-032831044909\NuclearSample\NuclearSampleContent\NuclearSampleContent.contentproj", "{A32183B7-F5FD-4FD9-8E3B-55791E948330}"
EndProject
Project("{FAE04EC0-301F-11D3-BF4B-00C04F79EFBC}") = "NuclearWinter.XNA", "..\..\..\Documents\sparklinlabs-nuclearwinter-032831044909\sparklinlabs-nuclearwinter-032831044909\NuclearWinter\NuclearWinter.XNA.csproj", "{2F2A1E2C-560B-44D3-B693-FFB05D271C53}"
EndProject
Global
	GlobalSection(SolutionConfigurationPlatforms) = preSolution
		Debug|x86 = Debug|x86
		Release|x86 = Release|x86
	EndGlobalSection
	GlobalSection(ProjectConfigurationPlatforms) = postSolution
		{ED2FBC89-85D0-4765-820C-AD23C7E6E77A}.Debug|x86.ActiveCfg = Debug|x86
		{ED2FBC89-85D0-4765-820C-AD23C7E6E77A}.Debug|x86.Build.0 = Debug|x86
		{ED2FBC89-85D0-4765-820C-AD23C7E6E77A}.Release|x86.ActiveCfg = Release|x86
		{ED2FBC89-85D0-4765-820C-AD23C7E6E77A}.Release|x86.Build.0 = Release|x86
		{9027822D-280E-4306-BAF1-F5B2C03D951C}.Debug|x86.ActiveCfg = Debug|x86
		{9027822D-280E-4306-BAF1-F5B2C03D951C}.Debug|x86.Build.0 = Debug|x86
		{9027822D-280E-4306-BAF1-F5B2C03D951C}.Release|x86.ActiveCfg = Release|x86
		{9027822D-280E-4306-BAF1-F5B2C03D951C}.Release|x86.Build.0 = Release|x86
		{A32183B7-F5FD-4FD9-8E3B-55791E948330}.Debug|x86.ActiveCfg = Debug|x86
		{A32183B7-F5FD-4FD9-8E3B-55791E948330}.Release|x86.ActiveCfg = Release|x86
		{2F2A1E2C-560B-44D3-B693-FFB05D271C53}.Debug|x86.ActiveCfg = Debug|x86
		{2F2A1E2C-560B-44D3-B693-FFB05D271C53}.Debug|x86.Build.0 = Debug|x86
		{2F2A1E2C-560B-44D3-B693-FFB05D271C53}.Release|x86.ActiveCfg = Release|x86
		{2F2A1E2C-560B-44D3-B693-FFB05D271C53}.Release|x86.Build.0 = Release|x86
	EndGlobalSection
	GlobalSection(SolutionProperties) = preSolution
		HideSolutionNode = FALSE
	EndGlobalSection
EndGlobal
